
Microsoft Visual Studio Solution File, Format Version 12.00
# Visual Studio Version 16
VisualStudioVersion = 16.0.34902.97
MinimumVisualStudioVersion = 10.0.40219.1
Project("{FAE04EC0-301F-11D3-BF4B-00C04F79EFBC}") = "toolLogin", "toolLogin\toolLogin.csproj", "{D03AD442-211A-4D5D-824A-D25D74E08AEE}"
EndProject
Global
	GlobalSection(SolutionConfigurationPlatforms) = preSolution
		Debug|Any CPU = Debug|Any CPU
		Release|Any CPU = Release|Any CPU
	EndGlobalSection
	GlobalSection(ProjectConfigurationPlatforms) = postSolution
		{D03AD442-211A-4D5D-824A-D25D74E08AEE}.Debug|Any CPU.ActiveCfg = Debug|Any CPU
		{D03AD442-211A-4D5D-824A-D25D74E08AEE}.Debug|Any CPU.Build.0 = Debug|Any CPU
		{D03AD442-211A-4D5D-824A-D25D74E08AEE}.Release|Any CPU.ActiveCfg = Release|Any CPU
		{D03AD442-211A-4D5D-824A-D25D74E08AEE}.Release|Any CPU.Build.0 = Release|Any CPU
	EndGlobalSection
	GlobalSection(SolutionProperties) = preSolution
		HideSolutionNode = FALSE
	EndGlobalSection
	GlobalSection(ExtensibilityGlobals) = postSolution
		SolutionGuid = {4D9F2476-1140-4D7A-BDAE-B1D9245A6E4E}
	EndGlobalSection
EndGlobal
